
Microsoft Visual Studio Solution File, Format Version 12.00
# Visual Studio Version 16
VisualStudioVersion = 16.0.30804.86
MinimumVisualStudioVersion = 10.0.40219.1
Project("{FAE04EC0-301F-11D3-BF4B-00C04F79EFBC}") = "EcommercePlaywright", "EcommercePlaywright.csproj", "{0EAD964A-2296-4E51-9D65-A6B1A7B4F58E}"
EndProject
Global
	GlobalSection(SolutionConfigurationPlatforms) = preSolution
		Debug|Any CPU = Debug|Any CPU
		Release|Any CPU = Release|Any CPU
	EndGlobalSection
	GlobalSection(ProjectConfigurationPlatforms) = postSolution
		{0EAD964A-2296-4E51-9D65-A6B1A7B4F58E}.Debug|Any CPU.ActiveCfg = Debug|Any CPU
		{0EAD964A-2296-4E51-9D65-A6B1A7B4F58E}.Debug|Any CPU.Build.0 = Debug|Any CPU
		{0EAD964A-2296-4E51-9D65-A6B1A7B4F58E}.Release|Any CPU.ActiveCfg = Release|Any CPU
		{0EAD964A-2296-4E51-9D65-A6B1A7B4F58E}.Release|Any CPU.Build.0 = Release|Any CPU
	EndGlobalSection
	GlobalSection(SolutionProperties) = preSolution
		HideSolutionNode = FALSE
	EndGlobalSection
	GlobalSection(ExtensibilityGlobals) = postSolution
		SolutionGuid = {58407785-7FD8-4B55-BC1D-220DFC3354F5}
	EndGlobalSection
EndGlobal
